// !$*UTF8*$!
{
	archiveVersion = 1;
	classes = {
	};
	objectVersion = 50;
	objects = {

/* Begin PBXBuildFile section */
		4A1C4EF524AEB81C0053AA42 /* FetchClass.swift in Sources */ = {isa = PBXBuildFile; fileRef = 4A1C4EF424AEB81C0053AA42 /* FetchClass.swift */; };
		4A1C4EF724AEB8810053AA42 /* UsersModel.swift in Sources */ = {isa = PBXBuildFile; fileRef = 4A1C4EF624AEB8810053AA42 /* UsersModel.swift */; };
		4A1C4EF924AEB8950053AA42 /* PostsModel.swift in Sources */ = {isa = PBXBuildFile; fileRef = 4A1C4EF824AEB8950053AA42 /* PostsModel.swift */; };
		4A1C4F0024AEB94C0053AA42 /* PostsViewController.swift in Sources */ = {isa = PBXBuildFile; fileRef = 4A1C4EFF24AEB94C0053AA42 /* PostsViewController.swift */; };
		4A1C4F0524AEB9830053AA42 /* PostsView.storyboard in Resources */ = {isa = PBXBuildFile; fileRef = 4A1C4F0424AEB9830053AA42 /* PostsView.storyboard */; };
		4A1C4F0824AEB9FA0053AA42 /* ProgressIndicatorView.storyboard in Resources */ = {isa = PBXBuildFile; fileRef = 4A1C4F0724AEB9FA0053AA42 /* ProgressIndicatorView.storyboard */; };
		4A1C4F0B24AEBA310053AA42 /* ProgressIndicatorViewController.swift in Sources */ = {isa = PBXBuildFile; fileRef = 4A1C4F0A24AEBA310053AA42 /* ProgressIndicatorViewController.swift */; };
		4A1C4F0E24AEBF220053AA42 /* ConstantsApp.swift in Sources */ = {isa = PBXBuildFile; fileRef = 4A1C4F0D24AEBF220053AA42 /* ConstantsApp.swift */; };
		4A1C4F1024AEC3360053AA42 /* CustomErrorClass.swift in Sources */ = {isa = PBXBuildFile; fileRef = 4A1C4F0F24AEC3360053AA42 /* CustomErrorClass.swift */; };
		4A1C4F1224AECF6C0053AA42 /* StorageClass.swift in Sources */ = {isa = PBXBuildFile; fileRef = 4A1C4F1124AECF6C0053AA42 /* StorageClass.swift */; };
		4A1C4F1424AEDF010053AA42 /* ErrorStrings.strings in Resources */ = {isa = PBXBuildFile; fileRef = 4A1C4F1324AEDF010053AA42 /* ErrorStrings.strings */; };
		4A1C4F1724AEE1850053AA42 /* StringExtension.swift in Sources */ = {isa = PBXBuildFile; fileRef = 4A1C4F1624AEE1850053AA42 /* StringExtension.swift */; };
		4A2FB03E24B2A10100C88A8D /* PostCell.swift in Sources */ = {isa = PBXBuildFile; fileRef = 4A2FB03D24B2A10100C88A8D /* PostCell.swift */; };
		4A6A0AA424AEEB320039AE1C /* StoriboardClass.swift in Sources */ = {isa = PBXBuildFile; fileRef = 4A6A0AA324AEEB320039AE1C /* StoriboardClass.swift */; };
		4A9B45FE24AD638E00424E42 /* AppDelegate.swift in Sources */ = {isa = PBXBuildFile; fileRef = 4A9B45FD24AD638E00424E42 /* AppDelegate.swift */; };
		4A9B460024AD638E00424E42 /* SceneDelegate.swift in Sources */ = {isa = PBXBuildFile; fileRef = 4A9B45FF24AD638E00424E42 /* SceneDelegate.swift */; };
		4A9B460224AD638E00424E42 /* UsersViewController.swift in Sources */ = {isa = PBXBuildFile; fileRef = 4A9B460124AD638E00424E42 /* UsersViewController.swift */; };
		4A9B460524AD638E00424E42 /* UsersView.storyboard in Resources */ = {isa = PBXBuildFile; fileRef = 4A9B460324AD638E00424E42 /* UsersView.storyboard */; };
		4A9B460824AD638E00424E42 /* ceiba_soft.xcdatamodeld in Sources */ = {isa = PBXBuildFile; fileRef = 4A9B460624AD638E00424E42 /* ceiba_soft.xcdatamodeld */; };
		4A9B460A24AD639000424E42 /* Assets.xcassets in Resources */ = {isa = PBXBuildFile; fileRef = 4A9B460924AD639000424E42 /* Assets.xcassets */; };
		4A9B460D24AD639000424E42 /* LaunchScreen.storyboard in Resources */ = {isa = PBXBuildFile; fileRef = 4A9B460B24AD639000424E42 /* LaunchScreen.storyboard */; };
		4A9B461824AD639000424E42 /* ceiba_softTests.swift in Sources */ = {isa = PBXBuildFile; fileRef = 4A9B461724AD639000424E42 /* ceiba_softTests.swift */; };
		4A9B462324AD639000424E42 /* ceiba_softUITests.swift in Sources */ = {isa = PBXBuildFile; fileRef = 4A9B462224AD639000424E42 /* ceiba_softUITests.swift */; };
		4AC3C7B124AF7FAC0076204B /* UsersCell.swift in Sources */ = {isa = PBXBuildFile; fileRef = 4AC3C7B024AF7FAC0076204B /* UsersCell.swift */; };
/* End PBXBuildFile section */

/* Begin PBXContainerItemProxy section */
		4A9B461424AD639000424E42 /* PBXContainerItemProxy */ = {
			isa = PBXContainerItemProxy;
			containerPortal = 4A9B45F224AD638E00424E42 /* Project object */;
			proxyType = 1;
			remoteGlobalIDString = 4A9B45F924AD638E00424E42;
			remoteInfo = "ceiba soft";
		};
		4A9B461F24AD639000424E42 /* PBXContainerItemProxy */ = {
			isa = PBXContainerItemProxy;
			containerPortal = 4A9B45F224AD638E00424E42 /* Project object */;
			proxyType = 1;
			remoteGlobalIDString = 4A9B45F924AD638E00424E42;
			remoteInfo = "ceiba soft";
		};
/* End PBXContainerItemProxy section */

/* Begin PBXFileReference section */
		4A1C4EF424AEB81C0053AA42 /* FetchClass.swift */ = {isa = PBXFileReference; lastKnownFileType = sourcecode.swift; path = FetchClass.swift; sourceTree = "<group>"; };
		4A1C4EF624AEB8810053AA42 /* UsersModel.swift */ = {isa = PBXFileReference; lastKnownFileType = sourcecode.swift; path = UsersModel.swift; sourceTree = "<group>"; };
		4A1C4EF824AEB8950053AA42 /* PostsModel.swift */ = {isa = PBXFileReference; lastKnownFileType = sourcecode.swift; path = PostsModel.swift; sourceTree = "<group>"; };
		4A1C4EFF24AEB94C0053AA42 /* PostsViewController.swift */ = {isa = PBXFileReference; lastKnownFileType = sourcecode.swift; path = PostsViewController.swift; sourceTree = "<group>"; };
		4A1C4F0424AEB9830053AA42 /* PostsView.storyboard */ = {isa = PBXFileReference; lastKnownFileType = file.storyboard; path = PostsView.storyboard; sourceTree = "<group>"; };
		4A1C4F0724AEB9FA0053AA42 /* ProgressIndicatorView.storyboard */ = {isa = PBXFileReference; lastKnownFileType = file.storyboard; path = ProgressIndicatorView.storyboard; sourceTree = "<group>"; };
		4A1C4F0A24AEBA310053AA42 /* ProgressIndicatorViewController.swift */ = {isa = PBXFileReference; lastKnownFileType = sourcecode.swift; path = ProgressIndicatorViewController.swift; sourceTree = "<group>"; };
		4A1C4F0D24AEBF220053AA42 /* ConstantsApp.swift */ = {isa = PBXFileReference; lastKnownFileType = sourcecode.swift; path = ConstantsApp.swift; sourceTree = "<group>"; };
		4A1C4F0F24AEC3360053AA42 /* CustomErrorClass.swift */ = {isa = PBXFileReference; lastKnownFileType = sourcecode.swift; path = CustomErrorClass.swift; sourceTree = "<group>"; };
		4A1C4F1124AECF6C0053AA42 /* StorageClass.swift */ = {isa = PBXFileReference; lastKnownFileType = sourcecode.swift; path = StorageClass.swift; sourceTree = "<group>"; };
		4A1C4F1324AEDF010053AA42 /* ErrorStrings.strings */ = {isa = PBXFileReference; lastKnownFileType = text.plist.strings; path = ErrorStrings.strings; sourceTree = "<group>"; };
		4A1C4F1624AEE1850053AA42 /* StringExtension.swift */ = {isa = PBXFileReference; lastKnownFileType = sourcecode.swift; path = StringExtension.swift; sourceTree = "<group>"; };
		4A2FB03D24B2A10100C88A8D /* PostCell.swift */ = {isa = PBXFileReference; lastKnownFileType = sourcecode.swift; path = PostCell.swift; sourceTree = "<group>"; };
		4A6A0AA324AEEB320039AE1C /* StoriboardClass.swift */ = {isa = PBXFileReference; lastKnownFileType = sourcecode.swift; path = StoriboardClass.swift; sourceTree = "<group>"; };
		4A9B45FA24AD638E00424E42 /* Ceiba Soft.app */ = {isa = PBXFileReference; explicitFileType = wrapper.application; includeInIndex = 0; path = "Ceiba Soft.app"; sourceTree = BUILT_PRODUCTS_DIR; };
		4A9B45FD24AD638E00424E42 /* AppDelegate.swift */ = {isa = PBXFileReference; lastKnownFileType = sourcecode.swift; path = AppDelegate.swift; sourceTree = "<group>"; };
		4A9B45FF24AD638E00424E42 /* SceneDelegate.swift */ = {isa = PBXFileReference; lastKnownFileType = sourcecode.swift; path = SceneDelegate.swift; sourceTree = "<group>"; };
		4A9B460124AD638E00424E42 /* UsersViewController.swift */ = {isa = PBXFileReference; lastKnownFileType = sourcecode.swift; path = UsersViewController.swift; sourceTree = "<group>"; };
		4A9B460424AD638E00424E42 /* Base */ = {isa = PBXFileReference; lastKnownFileType = file.storyboard; name = Base; path = Base.lproj/UsersView.storyboard; sourceTree = "<group>"; };
		4A9B460724AD638E00424E42 /* ceiba_soft.xcdatamodel */ = {isa = PBXFileReference; lastKnownFileType = wrapper.xcdatamodel; path = ceiba_soft.xcdatamodel; sourceTree = "<group>"; };
		4A9B460924AD639000424E42 /* Assets.xcassets */ = {isa = PBXFileReference; lastKnownFileType = folder.assetcatalog; path = Assets.xcassets; sourceTree = "<group>"; };
		4A9B460C24AD639000424E42 /* Base */ = {isa = PBXFileReference; lastKnownFileType = file.storyboard; name = Base; path = Base.lproj/LaunchScreen.storyboard; sourceTree = "<group>"; };
		4A9B460E24AD639000424E42 /* Info.plist */ = {isa = PBXFileReference; lastKnownFileType = text.plist.xml; path = Info.plist; sourceTree = "<group>"; };
		4A9B461324AD639000424E42 /* ceiba softTests.xctest */ = {isa = PBXFileReference; explicitFileType = wrapper.cfbundle; includeInIndex = 0; path = "ceiba softTests.xctest"; sourceTree = BUILT_PRODUCTS_DIR; };
		4A9B461724AD639000424E42 /* ceiba_softTests.swift */ = {isa = PBXFileReference; lastKnownFileType = sourcecode.swift; path = ceiba_softTests.swift; sourceTree = "<group>"; };
		4A9B461924AD639000424E42 /* Info.plist */ = {isa = PBXFileReference; lastKnownFileType = text.plist.xml; path = Info.plist; sourceTree = "<group>"; };
		4A9B461E24AD639000424E42 /* ceiba softUITests.xctest */ = {isa = PBXFileReference; explicitFileType = wrapper.cfbundle; includeInIndex = 0; path = "ceiba softUITests.xctest"; sourceTree = BUILT_PRODUCTS_DIR; };
		4A9B462224AD639000424E42 /* ceiba_softUITests.swift */ = {isa = PBXFileReference; lastKnownFileType = sourcecode.swift; path = ceiba_softUITests.swift; sourceTree = "<group>"; };
		4A9B462424AD639000424E42 /* Info.plist */ = {isa = PBXFileReference; lastKnownFileType = text.plist.xml; path = Info.plist; sourceTree = "<group>"; };
		4AC3C7B024AF7FAC0076204B /* UsersCell.swift */ = {isa = PBXFileReference; lastKnownFileType = sourcecode.swift; path = UsersCell.swift; sourceTree = "<group>"; };
/* End PBXFileReference section */

/* Begin PBXFrameworksBuildPhase section */
		4A9B45F724AD638E00424E42 /* Frameworks */ = {
			isa = PBXFrameworksBuildPhase;
			buildActionMask = 2147483647;
			files = (
			);
			runOnlyForDeploymentPostprocessing = 0;
		};
		4A9B461024AD639000424E42 /* Frameworks */ = {
			isa = PBXFrameworksBuildPhase;
			buildActionMask = 2147483647;
			files = (
			);
			runOnlyForDeploymentPostprocessing = 0;
		};
		4A9B461B24AD639000424E42 /* Frameworks */ = {
			isa = PBXFrameworksBuildPhase;
			buildActionMask = 2147483647;
			files = (
			);
			runOnlyForDeploymentPostprocessing = 0;
		};
/* End PBXFrameworksBuildPhase section */

/* Begin PBXGroup section */
		4A1C4EFA24AEB8B30053AA42 /* Models */ = {
			isa = PBXGroup;
			children = (
				4A1C4EF624AEB8810053AA42 /* UsersModel.swift */,
				4A1C4EF824AEB8950053AA42 /* PostsModel.swift */,
			);
			path = Models;
			sourceTree = "<group>";
		};
		4A1C4EFB24AEB8CA0053AA42 /* HelpersClasses */ = {
			isa = PBXGroup;
			children = (
				4A1C4EF424AEB81C0053AA42 /* FetchClass.swift */,
				4A1C4F0F24AEC3360053AA42 /* CustomErrorClass.swift */,
				4A1C4F1124AECF6C0053AA42 /* StorageClass.swift */,
				4A6A0AA324AEEB320039AE1C /* StoriboardClass.swift */,
			);
			path = HelpersClasses;
			sourceTree = "<group>";
		};
		4A1C4EFC24AEB8FA0053AA42 /* Controllers */ = {
			isa = PBXGroup;
			children = (
				4A1C4F0924AEBA080053AA42 /* ResourcesControllers */,
				4AC3C7AF24AF7F7B0076204B /* UsersViewController */,
				4A2FB03C24B2A0D300C88A8D /* PostsViewController */,
			);
			path = Controllers;
			sourceTree = "<group>";
		};
		4A1C4F0124AEB9570053AA42 /* Views */ = {
			isa = PBXGroup;
			children = (
				4A1C4F0624AEB9BD0053AA42 /* ResourcesView */,
				4A9B460B24AD639000424E42 /* LaunchScreen.storyboard */,
				4A9B460324AD638E00424E42 /* UsersView.storyboard */,
				4A1C4F0424AEB9830053AA42 /* PostsView.storyboard */,
			);
			path = Views;
			sourceTree = "<group>";
		};
		4A1C4F0624AEB9BD0053AA42 /* ResourcesView */ = {
			isa = PBXGroup;
			children = (
				4A1C4F0724AEB9FA0053AA42 /* ProgressIndicatorView.storyboard */,
			);
			path = ResourcesView;
			sourceTree = "<group>";
		};
		4A1C4F0924AEBA080053AA42 /* ResourcesControllers */ = {
			isa = PBXGroup;
			children = (
				4A1C4F0A24AEBA310053AA42 /* ProgressIndicatorViewController.swift */,
			);
			path = ResourcesControllers;
			sourceTree = "<group>";
		};
		4A1C4F0C24AEBA9A0053AA42 /* AppSettings */ = {
			isa = PBXGroup;
			children = (
				4A9B45FD24AD638E00424E42 /* AppDelegate.swift */,
				4A9B45FF24AD638E00424E42 /* SceneDelegate.swift */,
				4A9B460E24AD639000424E42 /* Info.plist */,
				4A1C4F0D24AEBF220053AA42 /* ConstantsApp.swift */,
			);
			path = AppSettings;
			sourceTree = "<group>";
		};
		4A1C4F1524AEE1680053AA42 /* Extensions */ = {
			isa = PBXGroup;
			children = (
				4A1C4F1624AEE1850053AA42 /* StringExtension.swift */,
			);
			path = Extensions;
			sourceTree = "<group>";
		};
		4A1C4F1824AEE3320053AA42 /* AppResources */ = {
			isa = PBXGroup;
			children = (
				4A9B460924AD639000424E42 /* Assets.xcassets */,
				4A1C4F1324AEDF010053AA42 /* ErrorStrings.strings */,
			);
			path = AppResources;
			sourceTree = "<group>";
		};
		4A2FB03C24B2A0D300C88A8D /* PostsViewController */ = {
			isa = PBXGroup;
			children = (
				4A1C4EFF24AEB94C0053AA42 /* PostsViewController.swift */,
				4A2FB03D24B2A10100C88A8D /* PostCell.swift */,
			);
			path = PostsViewController;
			sourceTree = "<group>";
		};
		4A9B45F124AD638E00424E42 = {
			isa = PBXGroup;
			children = (
				4A9B45FC24AD638E00424E42 /* ceiba soft */,
				4A9B461624AD639000424E42 /* ceiba softTests */,
				4A9B462124AD639000424E42 /* ceiba softUITests */,
				4A9B45FB24AD638E00424E42 /* Products */,
			);
			sourceTree = "<group>";
		};
		4A9B45FB24AD638E00424E42 /* Products */ = {
			isa = PBXGroup;
			children = (
				4A9B45FA24AD638E00424E42 /* Ceiba Soft.app */,
				4A9B461324AD639000424E42 /* ceiba softTests.xctest */,
				4A9B461E24AD639000424E42 /* ceiba softUITests.xctest */,
			);
			name = Products;
			sourceTree = "<group>";
		};
		4A9B45FC24AD638E00424E42 /* ceiba soft */ = {
			isa = PBXGroup;
			children = (
				4A1C4F1524AEE1680053AA42 /* Extensions */,
				4A1C4F0124AEB9570053AA42 /* Views */,
				4A1C4EFC24AEB8FA0053AA42 /* Controllers */,
				4A1C4EFB24AEB8CA0053AA42 /* HelpersClasses */,
				4A1C4EFA24AEB8B30053AA42 /* Models */,
				4A1C4F0C24AEBA9A0053AA42 /* AppSettings */,
				4A1C4F1824AEE3320053AA42 /* AppResources */,
				4A9B460624AD638E00424E42 /* ceiba_soft.xcdatamodeld */,
			);
			path = "ceiba soft";
			sourceTree = "<group>";
		};
		4A9B461624AD639000424E42 /* ceiba softTests */ = {
			isa = PBXGroup;
			children = (
				4A9B461724AD639000424E42 /* ceiba_softTests.swift */,
				4A9B461924AD639000424E42 /* Info.plist */,
			);
			path = "ceiba softTests";
			sourceTree = "<group>";
		};
		4A9B462124AD639000424E42 /* ceiba softUITests */ = {
			isa = PBXGroup;
			children = (
				4A9B462224AD639000424E42 /* ceiba_softUITests.swift */,
				4A9B462424AD639000424E42 /* Info.plist */,
			);
			path = "ceiba softUITests";
			sourceTree = "<group>";
		};
		4AC3C7AF24AF7F7B0076204B /* UsersViewController */ = {
			isa = PBXGroup;
			children = (
				4A9B460124AD638E00424E42 /* UsersViewController.swift */,
				4AC3C7B024AF7FAC0076204B /* UsersCell.swift */,
			);
			path = UsersViewController;
			sourceTree = "<group>";
		};
/* End PBXGroup section */

/* Begin PBXNativeTarget section */
		4A9B45F924AD638E00424E42 /* ceiba soft */ = {
			isa = PBXNativeTarget;
			buildConfigurationList = 4A9B462724AD639000424E42 /* Build configuration list for PBXNativeTarget "ceiba soft" */;
			buildPhases = (
				4A9B45F624AD638E00424E42 /* Sources */,
				4A9B45F724AD638E00424E42 /* Frameworks */,
				4A9B45F824AD638E00424E42 /* Resources */,
			);
			buildRules = (
			);
			dependencies = (
			);
			name = "ceiba soft";
			productName = "ceiba soft";
			productReference = 4A9B45FA24AD638E00424E42 /* Ceiba Soft.app */;
			productType = "com.apple.product-type.application";
		};
		4A9B461224AD639000424E42 /* ceiba softTests */ = {
			isa = PBXNativeTarget;
			buildConfigurationList = 4A9B462A24AD639000424E42 /* Build configuration list for PBXNativeTarget "ceiba softTests" */;
			buildPhases = (
				4A9B460F24AD639000424E42 /* Sources */,
				4A9B461024AD639000424E42 /* Frameworks */,
				4A9B461124AD639000424E42 /* Resources */,
			);
			buildRules = (
			);
			dependencies = (
				4A9B461524AD639000424E42 /* PBXTargetDependency */,
			);
			name = "ceiba softTests";
			productName = "ceiba softTests";
			productReference = 4A9B461324AD639000424E42 /* ceiba softTests.xctest */;
			productType = "com.apple.product-type.bundle.unit-test";
		};
		4A9B461D24AD639000424E42 /* ceiba softUITests */ = {
			isa = PBXNativeTarget;
			buildConfigurationList = 4A9B462D24AD639000424E42 /* Build configuration list for PBXNativeTarget "ceiba softUITests" */;
			buildPhases = (
				4A9B461A24AD639000424E42 /* Sources */,
				4A9B461B24AD639000424E42 /* Frameworks */,
				4A9B461C24AD639000424E42 /* Resources */,
			);
			buildRules = (
			);
			dependencies = (
				4A9B462024AD639000424E42 /* PBXTargetDependency */,
			);
			name = "ceiba softUITests";
			productName = "ceiba softUITests";
			productReference = 4A9B461E24AD639000424E42 /* ceiba softUITests.xctest */;
			productType = "com.apple.product-type.bundle.ui-testing";
		};
/* End PBXNativeTarget section */

/* Begin PBXProject section */
		4A9B45F224AD638E00424E42 /* Project object */ = {
			isa = PBXProject;
			attributes = {
				LastSwiftUpdateCheck = 1140;
				LastUpgradeCheck = 1140;
				ORGANIZATIONNAME = "Crhistian Vergara Gomez";
				TargetAttributes = {
					4A9B45F924AD638E00424E42 = {
						CreatedOnToolsVersion = 11.4.1;
					};
					4A9B461224AD639000424E42 = {
						CreatedOnToolsVersion = 11.4.1;
						TestTargetID = 4A9B45F924AD638E00424E42;
					};
					4A9B461D24AD639000424E42 = {
						CreatedOnToolsVersion = 11.4.1;
						TestTargetID = 4A9B45F924AD638E00424E42;
					};
				};
			};
			buildConfigurationList = 4A9B45F524AD638E00424E42 /* Build configuration list for PBXProject "ceiba soft" */;
			compatibilityVersion = "Xcode 9.3";
			developmentRegion = en;
			hasScannedForEncodings = 0;
			knownRegions = (
				en,
				Base,
			);
			mainGroup = 4A9B45F124AD638E00424E42;
			productRefGroup = 4A9B45FB24AD638E00424E42 /* Products */;
			projectDirPath = "";
			projectRoot = "";
			targets = (
				4A9B45F924AD638E00424E42 /* ceiba soft */,
				4A9B461224AD639000424E42 /* ceiba softTests */,
				4A9B461D24AD639000424E42 /* ceiba softUITests */,
			);
		};
/* End PBXProject section */

/* Begin PBXResourcesBuildPhase section */
		4A9B45F824AD638E00424E42 /* Resources */ = {
			isa = PBXResourcesBuildPhase;
			buildActionMask = 2147483647;
			files = (
				4A9B460D24AD639000424E42 /* LaunchScreen.storyboard in Resources */,
				4A1C4F1424AEDF010053AA42 /* ErrorStrings.strings in Resources */,
				4A9B460A24AD639000424E42 /* Assets.xcassets in Resources */,
				4A1C4F0524AEB9830053AA42 /* PostsView.storyboard in Resources */,
				4A1C4F0824AEB9FA0053AA42 /* ProgressIndicatorView.storyboard in Resources */,
				4A9B460524AD638E00424E42 /* UsersView.storyboard in Resources */,
			);
			runOnlyForDeploymentPostprocessing = 0;
		};
		4A9B461124AD639000424E42 /* Resources */ = {
			isa = PBXResourcesBuildPhase;
			buildActionMask = 2147483647;
			files = (
			);
			runOnlyForDeploymentPostprocessing = 0;
		};
		4A9B461C24AD639000424E42 /* Resources */ = {
			isa = PBXResourcesBuildPhase;
			buildActionMask = 2147483647;
			files = (
			);
			runOnlyForDeploymentPostprocessing = 0;
		};
/* End PBXResourcesBuildPhase section */

/* Begin PBXSourcesBuildPhase section */
		4A9B45F624AD638E00424E42 /* Sources */ = {
			isa = PBXSourcesBuildPhase;
			buildActionMask = 2147483647;
			files = (
				4A2FB03E24B2A10100C88A8D /* PostCell.swift in Sources */,
				4A1C4EF524AEB81C0053AA42 /* FetchClass.swift in Sources */,
				4A1C4EF724AEB8810053AA42 /* UsersModel.swift in Sources */,
				4A6A0AA424AEEB320039AE1C /* StoriboardClass.swift in Sources */,
				4A9B460224AD638E00424E42 /* UsersViewController.swift in Sources */,
				4A1C4F0B24AEBA310053AA42 /* ProgressIndicatorViewController.swift in Sources */,
				4A1C4F0024AEB94C0053AA42 /* PostsViewController.swift in Sources */,
				4A1C4F1024AEC3360053AA42 /* CustomErrorClass.swift in Sources */,
				4A1C4F0E24AEBF220053AA42 /* ConstantsApp.swift in Sources */,
				4A1C4F1224AECF6C0053AA42 /* StorageClass.swift in Sources */,
				4A1C4F1724AEE1850053AA42 /* StringExtension.swift in Sources */,
				4A1C4EF924AEB8950053AA42 /* PostsModel.swift in Sources */,
				4A9B45FE24AD638E00424E42 /* AppDelegate.swift in Sources */,
				4AC3C7B124AF7FAC0076204B /* UsersCell.swift in Sources */,
				4A9B460824AD638E00424E42 /* ceiba_soft.xcdatamodeld in Sources */,
				4A9B460024AD638E00424E42 /* SceneDelegate.swift in Sources */,
			);
			runOnlyForDeploymentPostprocessing = 0;
		};
		4A9B460F24AD639000424E42 /* Sources */ = {
			isa = PBXSourcesBuildPhase;
			buildActionMask = 2147483647;
			files = (
				4A9B461824AD639000424E42 /* ceiba_softTests.swift in Sources */,
			);
			runOnlyForDeploymentPostprocessing = 0;
		};
		4A9B461A24AD639000424E42 /* Sources */ = {
			isa = PBXSourcesBuildPhase;
			buildActionMask = 2147483647;
			files = (
				4A9B462324AD639000424E42 /* ceiba_softUITests.swift in Sources */,
			);
			runOnlyForDeploymentPostprocessing = 0;
		};
/* End PBXSourcesBuildPhase section */

/* Begin PBXTargetDependency section */
		4A9B461524AD639000424E42 /* PBXTargetDependency */ = {
			isa = PBXTargetDependency;
			target = 4A9B45F924AD638E00424E42 /* ceiba soft */;
			targetProxy = 4A9B461424AD639000424E42 /* PBXContainerItemProxy */;
		};
		4A9B462024AD639000424E42 /* PBXTargetDependency */ = {
			isa = PBXTargetDependency;
			target = 4A9B45F924AD638E00424E42 /* ceiba soft */;
			targetProxy = 4A9B461F24AD639000424E42 /* PBXContainerItemProxy */;
		};
/* End PBXTargetDependency section */

/* Begin PBXVariantGroup section */
		4A9B460324AD638E00424E42 /* UsersView.storyboard */ = {
			isa = PBXVariantGroup;
			children = (
				4A9B460424AD638E00424E42 /* Base */,
			);
			name = UsersView.storyboard;
			sourceTree = "<group>";
		};
		4A9B460B24AD639000424E42 /* LaunchScreen.storyboard */ = {
			isa = PBXVariantGroup;
			children = (
				4A9B460C24AD639000424E42 /* Base */,
			);
			name = LaunchScreen.storyboard;
			sourceTree = "<group>";
		};
/* End PBXVariantGroup section */

/* Begin XCBuildConfiguration section */
		4A9B462524AD639000424E42 /* Debug */ = {
			isa = XCBuildConfiguration;
			buildSettings = {
				ALWAYS_SEARCH_USER_PATHS = NO;
				CLANG_ANALYZER_NONNULL = YES;
				CLANG_ANALYZER_NUMBER_OBJECT_CONVERSION = YES_AGGRESSIVE;
				CLANG_CXX_LANGUAGE_STANDARD = "gnu++14";
				CLANG_CXX_LIBRARY = "libc++";
				CLANG_ENABLE_MODULES = YES;
				CLANG_ENABLE_OBJC_ARC = YES;
				CLANG_ENABLE_OBJC_WEAK = YES;
				CLANG_WARN_BLOCK_CAPTURE_AUTORELEASING = YES;
				CLANG_WARN_BOOL_CONVERSION = YES;
				CLANG_WARN_COMMA = YES;
				CLANG_WARN_CONSTANT_CONVERSION = YES;
				CLANG_WARN_DEPRECATED_OBJC_IMPLEMENTATIONS = YES;
				CLANG_WARN_DIRECT_OBJC_ISA_USAGE = YES_ERROR;
				CLANG_WARN_DOCUMENTATION_COMMENTS = YES;
				CLANG_WARN_EMPTY_BODY = YES;
				CLANG_WARN_ENUM_CONVERSION = YES;
				CLANG_WARN_INFINITE_RECURSION = YES;
				CLANG_WARN_INT_CONVERSION = YES;
				CLANG_WARN_NON_LITERAL_NULL_CONVERSION = YES;
				CLANG_WARN_OBJC_IMPLICIT_RETAIN_SELF = YES;
				CLANG_WARN_OBJC_LITERAL_CONVERSION = YES;
				CLANG_WARN_OBJC_ROOT_CLASS = YES_ERROR;
				CLANG_WARN_RANGE_LOOP_ANALYSIS = YES;
				CLANG_WARN_STRICT_PROTOTYPES = YES;
				CLANG_WARN_SUSPICIOUS_MOVE = YES;
				CLANG_WARN_UNGUARDED_AVAILABILITY = YES_AGGRESSIVE;
				CLANG_WARN_UNREACHABLE_CODE = YES;
				CLANG_WARN__DUPLICATE_METHOD_MATCH = YES;
				COPY_PHASE_STRIP = NO;
				DEBUG_INFORMATION_FORMAT = dwarf;
				ENABLE_STRICT_OBJC_MSGSEND = YES;
				ENABLE_TESTABILITY = YES;
				GCC_C_LANGUAGE_STANDARD = gnu11;
				GCC_DYNAMIC_NO_PIC = NO;
				GCC_NO_COMMON_BLOCKS = YES;
				GCC_OPTIMIZATION_LEVEL = 0;
				GCC_PREPROCESSOR_DEFINITIONS = (
					"DEBUG=1",
					"$(inherited)",
				);
				GCC_WARN_64_TO_32_BIT_CONVERSION = YES;
				GCC_WARN_ABOUT_RETURN_TYPE = YES_ERROR;
				GCC_WARN_UNDECLARED_SELECTOR = YES;
				GCC_WARN_UNINITIALIZED_AUTOS = YES_AGGRESSIVE;
				GCC_WARN_UNUSED_FUNCTION = YES;
				GCC_WARN_UNUSED_VARIABLE = YES;
				IPHONEOS_DEPLOYMENT_TARGET = 13.4;
				MTL_ENABLE_DEBUG_INFO = INCLUDE_SOURCE;
				MTL_FAST_MATH = YES;
				ONLY_ACTIVE_ARCH = YES;
				SDKROOT = iphoneos;
				SWIFT_ACTIVE_COMPILATION_CONDITIONS = DEBUG;
				SWIFT_OPTIMIZATION_LEVEL = "-Onone";
			};
			name = Debug;
		};
		4A9B462624AD639000424E42 /* Release */ = {
			isa = XCBuildConfiguration;
			buildSettings = {
				ALWAYS_SEARCH_USER_PATHS = NO;
				CLANG_ANALYZER_NONNULL = YES;
				CLANG_ANALYZER_NUMBER_OBJECT_CONVERSION = YES_AGGRESSIVE;
				CLANG_CXX_LANGUAGE_STANDARD = "gnu++14";
				CLANG_CXX_LIBRARY = "libc++";
				CLANG_ENABLE_MODULES = YES;
				CLANG_ENABLE_OBJC_ARC = YES;
				CLANG_ENABLE_OBJC_WEAK = YES;
				CLANG_WARN_BLOCK_CAPTURE_AUTORELEASING = YES;
				CLANG_WARN_BOOL_CONVERSION = YES;
				CLANG_WARN_COMMA = YES;
				CLANG_WARN_CONSTANT_CONVERSION = YES;
				CLANG_WARN_DEPRECATED_OBJC_IMPLEMENTATIONS = YES;
				CLANG_WARN_DIRECT_OBJC_ISA_USAGE = YES_ERROR;
				CLANG_WARN_DOCUMENTATION_COMMENTS = YES;
				CLANG_WARN_EMPTY_BODY = YES;
				CLANG_WARN_ENUM_CONVERSION = YES;
				CLANG_WARN_INFINITE_RECURSION = YES;
				CLANG_WARN_INT_CONVERSION = YES;
				CLANG_WARN_NON_LITERAL_NULL_CONVERSION = YES;
				CLANG_WARN_OBJC_IMPLICIT_RETAIN_SELF = YES;
				CLANG_WARN_OBJC_LITERAL_CONVERSION = YES;
				CLANG_WARN_OBJC_ROOT_CLASS = YES_ERROR;
				CLANG_WARN_RANGE_LOOP_ANALYSIS = YES;
				CLANG_WARN_STRICT_PROTOTYPES = YES;
				CLANG_WARN_SUSPICIOUS_MOVE = YES;
				CLANG_WARN_UNGUARDED_AVAILABILITY = YES_AGGRESSIVE;
				CLANG_WARN_UNREACHABLE_CODE = YES;
				CLANG_WARN__DUPLICATE_METHOD_MATCH = YES;
				COPY_PHASE_STRIP = NO;
				DEBUG_INFORMATION_FORMAT = "dwarf-with-dsym";
				ENABLE_NS_ASSERTIONS = NO;
				ENABLE_STRICT_OBJC_MSGSEND = YES;
				GCC_C_LANGUAGE_STANDARD = gnu11;
				GCC_NO_COMMON_BLOCKS = YES;
				GCC_WARN_64_TO_32_BIT_CONVERSION = YES;
				GCC_WARN_ABOUT_RETURN_TYPE = YES_ERROR;
				GCC_WARN_UNDECLARED_SELECTOR = YES;
				GCC_WARN_UNINITIALIZED_AUTOS = YES_AGGRESSIVE;
				GCC_WARN_UNUSED_FUNCTION = YES;
				GCC_WARN_UNUSED_VARIABLE = YES;
				IPHONEOS_DEPLOYMENT_TARGET = 13.4;
				MTL_ENABLE_DEBUG_INFO = NO;
				MTL_FAST_MATH = YES;
				SDKROOT = iphoneos;
				SWIFT_COMPILATION_MODE = wholemodule;
				SWIFT_OPTIMIZATION_LEVEL = "-O";
				VALIDATE_PRODUCT = YES;
			};
			name = Release;
		};
		4A9B462824AD639000424E42 /* Debug */ = {
			isa = XCBuildConfiguration;
			buildSettings = {
				ASSETCATALOG_COMPILER_APPICON_NAME = AppIcon;
				CODE_SIGN_STYLE = Automatic;
				DEVELOPMENT_TEAM = 2276EYPC4M;
				INFOPLIST_FILE = "ceiba soft/AppSettings/Info.plist";
				LD_RUNPATH_SEARCH_PATHS = (
					"$(inherited)",
					"@executable_path/Frameworks",
				);
				PRODUCT_BUNDLE_IDENTIFIER = "krisskira.ceiba-soft";
				PRODUCT_NAME = "Ceiba Soft";
				SWIFT_VERSION = 5.0;
				TARGETED_DEVICE_FAMILY = "1,2";
			};
			name = Debug;
		};
		4A9B462924AD639000424E42 /* Release */ = {
			isa = XCBuildConfiguration;
			buildSettings = {
				ASSETCATALOG_COMPILER_APPICON_NAME = AppIcon;
				CODE_SIGN_STYLE = Automatic;
				DEVELOPMENT_TEAM = 2276EYPC4M;
				INFOPLIST_FILE = "ceiba soft/AppSettings/Info.plist";
				LD_RUNPATH_SEARCH_PATHS = (
					"$(inherited)",
					"@executable_path/Frameworks",
				);
				PRODUCT_BUNDLE_IDENTIFIER = "krisskira.ceiba-soft";
				PRODUCT_NAME = "Ceiba Soft";
				SWIFT_VERSION = 5.0;
				TARGETED_DEVICE_FAMILY = "1,2";
			};
			name = Release;
		};
		4A9B462B24AD639000424E42 /* Debug */ = {
			isa = XCBuildConfiguration;
			buildSettings = {
				ALWAYS_EMBED_SWIFT_STANDARD_LIBRARIES = YES;
				BUNDLE_LOADER = "$(TEST_HOST)";
				CODE_SIGN_STYLE = Automatic;
				DEVELOPMENT_TEAM = 2276EYPC4M;
				INFOPLIST_FILE = "ceiba softTests/Info.plist";
				IPHONEOS_DEPLOYMENT_TARGET = 13.4;
				LD_RUNPATH_SEARCH_PATHS = (
					"$(inherited)",
					"@executable_path/Frameworks",
					"@loader_path/Frameworks",
				);
				PRODUCT_BUNDLE_IDENTIFIER = "krisskira.ceiba-softTests";
				PRODUCT_NAME = "$(TARGET_NAME)";
				SWIFT_VERSION = 5.0;
				TARGETED_DEVICE_FAMILY = "1,2";
				TEST_HOST = "$(BUILT_PRODUCTS_DIR)/ceiba soft.app/ceiba soft";
			};
			name = Debug;
		};
		4A9B462C24AD639000424E42 /* Release */ = {
			isa = XCBuildConfiguration;
			buildSettings = {
				ALWAYS_EMBED_SWIFT_STANDARD_LIBRARIES = YES;
				BUNDLE_LOADER = "$(TEST_HOST)";
				CODE_SIGN_STYLE = Automatic;
				DEVELOPMENT_TEAM = 2276EYPC4M;
				INFOPLIST_FILE = "ceiba softTests/Info.plist";
				IPHONEOS_DEPLOYMENT_TARGET = 13.4;
				LD_RUNPATH_SEARCH_PATHS = (
					"$(inherited)",
					"@executable_path/Frameworks",
					"@loader_path/Frameworks",
				);
				PRODUCT_BUNDLE_IDENTIFIER = "krisskira.ceiba-softTests";
				PRODUCT_NAME = "$(TARGET_NAME)";
				SWIFT_VERSION = 5.0;
				TARGETED_DEVICE_FAMILY = "1,2";
				TEST_HOST = "$(BUILT_PRODUCTS_DIR)/ceiba soft.app/ceiba soft";
			};
			name = Release;
		};
		4A9B462E24AD639000424E42 /* Debug */ = {
			isa = XCBuildConfiguration;
			buildSettings = {
				ALWAYS_EMBED_SWIFT_STANDARD_LIBRARIES = YES;
				CODE_SIGN_STYLE = Automatic;
				DEVELOPMENT_TEAM = 2276EYPC4M;
				INFOPLIST_FILE = "ceiba softUITests/Info.plist";
				LD_RUNPATH_SEARCH_PATHS = (
					"$(inherited)",
					"@executable_path/Frameworks",
					"@loader_path/Frameworks",
				);
				PRODUCT_BUNDLE_IDENTIFIER = "krisskira.ceiba-softUITests";
				PRODUCT_NAME = "$(TARGET_NAME)";
				SWIFT_VERSION = 5.0;
				TARGETED_DEVICE_FAMILY = "1,2";
				TEST_TARGET_NAME = "ceiba soft";
			};
			name = Debug;
		};
		4A9B462F24AD639000424E42 /* Release */ = {
			isa = XCBuildConfiguration;
			buildSettings = {
				ALWAYS_EMBED_SWIFT_STANDARD_LIBRARIES = YES;
				CODE_SIGN_STYLE = Automatic;
				DEVELOPMENT_TEAM = 2276EYPC4M;
				INFOPLIST_FILE = "ceiba softUITests/Info.plist";
				LD_RUNPATH_SEARCH_PATHS = (
					"$(inherited)",
					"@executable_path/Frameworks",
					"@loader_path/Frameworks",
				);
				PRODUCT_BUNDLE_IDENTIFIER = "krisskira.ceiba-softUITests";
				PRODUCT_NAME = "$(TARGET_NAME)";
				SWIFT_VERSION = 5.0;
				TARGETED_DEVICE_FAMILY = "1,2";
				TEST_TARGET_NAME = "ceiba soft";
			};
			name = Release;
		};
/* End XCBuildConfiguration section */

/* Begin XCConfigurationList section */
		4A9B45F524AD638E00424E42 /* Build configuration list for PBXProject "ceiba soft" */ = {
			isa = XCConfigurationList;
			buildConfigurations = (
				4A9B462524AD639000424E42 /* Debug */,
				4A9B462624AD639000424E42 /* Release */,
			);
			defaultConfigurationIsVisible = 0;
			defaultConfigurationName = Release;
		};
		4A9B462724AD639000424E42 /* Build configuration list for PBXNativeTarget "ceiba soft" */ = {
			isa = XCConfigurationList;
			buildConfigurations = (
				4A9B462824AD639000424E42 /* Debug */,
				4A9B462924AD639000424E42 /* Release */,
			);
			defaultConfigurationIsVisible = 0;
			defaultConfigurationName = Release;
		};
		4A9B462A24AD639000424E42 /* Build configuration list for PBXNativeTarget "ceiba softTests" */ = {
			isa = XCConfigurationList;
			buildConfigurations = (
				4A9B462B24AD639000424E42 /* Debug */,
				4A9B462C24AD639000424E42 /* Release */,
			);
			defaultConfigurationIsVisible = 0;
			defaultConfigurationName = Release;
		};
		4A9B462D24AD639000424E42 /* Build configuration list for PBXNativeTarget "ceiba softUITests" */ = {
			isa = XCConfigurationList;
			buildConfigurations = (
				4A9B462E24AD639000424E42 /* Debug */,
				4A9B462F24AD639000424E42 /* Release */,
			);
			defaultConfigurationIsVisible = 0;
			defaultConfigurationName = Release;
		};
/* End XCConfigurationList section */

/* Begin XCVersionGroup section */
		4A9B460624AD638E00424E42 /* ceiba_soft.xcdatamodeld */ = {
			isa = XCVersionGroup;
			children = (
				4A9B460724AD638E00424E42 /* ceiba_soft.xcdatamodel */,
			);
			currentVersion = 4A9B460724AD638E00424E42 /* ceiba_soft.xcdatamodel */;
			path = ceiba_soft.xcdatamodeld;
			sourceTree = "<group>";
			versionGroupType = wrapper.xcdatamodel;
		};
/* End XCVersionGroup section */
	};
	rootObject = 4A9B45F224AD638E00424E42 /* Project object */;
}
